
Microsoft Visual Studio Solution File, Format Version 12.00
# Visual Studio Version 17
VisualStudioVersion = 17.1.32203.90
MinimumVisualStudioVersion = 10.0.40219.1
Project("{FAE04EC0-301F-11D3-BF4B-00C04F79EFBC}") = "The Last Days Server Panel", "The Last Days Server Panel.csproj", "{8E880F3E-801B-46FE-A247-AA603F47B40C}"
EndProject
Global
	GlobalSection(SolutionConfigurationPlatforms) = preSolution
		Debug|Any CPU = Debug|Any CPU
		Release|Any CPU = Release|Any CPU
	EndGlobalSection
	GlobalSection(ProjectConfigurationPlatforms) = postSolution
		{8E880F3E-801B-46FE-A247-AA603F47B40C}.Debug|Any CPU.ActiveCfg = Debug|Any CPU
		{8E880F3E-801B-46FE-A247-AA603F47B40C}.Debug|Any CPU.Build.0 = Debug|Any CPU
		{8E880F3E-801B-46FE-A247-AA603F47B40C}.Release|Any CPU.ActiveCfg = Release|Any CPU
		{8E880F3E-801B-46FE-A247-AA603F47B40C}.Release|Any CPU.Build.0 = Release|Any CPU
	EndGlobalSection
	GlobalSection(SolutionProperties) = preSolution
		HideSolutionNode = FALSE
	EndGlobalSection
	GlobalSection(ExtensibilityGlobals) = postSolution
		SolutionGuid = {225A6DFE-0596-450A-B042-9A3564807D14}
	EndGlobalSection
EndGlobal
